
Microsoft Visual Studio Solution File, Format Version 12.00
# Visual Studio Version 17
VisualStudioVersion = 17.5.33414.496
MinimumVisualStudioVersion = 10.0.40219.1
Project("{FAE04EC0-301F-11D3-BF4B-00C04F79EFBC}") = "FIX Windows Error", "FIX Windows Error\FIX Windows Error.csproj", "{BDFBF9DC-83EC-41ED-B49E-7B6022137604}"
EndProject
Global
	GlobalSection(SolutionConfigurationPlatforms) = preSolution
		Debug|Any CPU = Debug|Any CPU
		Release|Any CPU = Release|Any CPU
	EndGlobalSection
	GlobalSection(ProjectConfigurationPlatforms) = postSolution
		{BDFBF9DC-83EC-41ED-B49E-7B6022137604}.Debug|Any CPU.ActiveCfg = Debug|Any CPU
		{BDFBF9DC-83EC-41ED-B49E-7B6022137604}.Debug|Any CPU.Build.0 = Debug|Any CPU
		{BDFBF9DC-83EC-41ED-B49E-7B6022137604}.Release|Any CPU.ActiveCfg = Release|Any CPU
		{BDFBF9DC-83EC-41ED-B49E-7B6022137604}.Release|Any CPU.Build.0 = Release|Any CPU
	EndGlobalSection
	GlobalSection(SolutionProperties) = preSolution
		HideSolutionNode = FALSE
	EndGlobalSection
	GlobalSection(ExtensibilityGlobals) = postSolution
		SolutionGuid = {5CCC8EE3-B549-46A9-89A4-4FFE689C2692}
	EndGlobalSection
EndGlobal
